
Microsoft Visual Studio Solution File, Format Version 12.00
# Visual Studio 15
VisualStudioVersion = 15.0.28307.489
MinimumVisualStudioVersion = 10.0.40219.1
Project("{9A19103F-16F7-4668-BE54-9A1E7A4F7556}") = "POSM.Host", "POSM.Host\POSM.Host.csproj", "{D424BA21-29ED-423F-A6F5-5E7131F4A93A}"
EndProject
Project("{FAE04EC0-301F-11D3-BF4B-00C04F79EFBC}") = "POSM.Data", "POSM.Data\POSM.Data.csproj", "{EE650007-F086-4E2B-B7D5-E50067A0EC72}"
EndProject
Project("{FAE04EC0-301F-11D3-BF4B-00C04F79EFBC}") = "POSM.Domain", "POSM.Domain\POSM.Domain.csproj", "{6ED14B65-A576-4FC4-9118-90854A1B26CB}"
EndProject
Project("{FAE04EC0-301F-11D3-BF4B-00C04F79EFBC}") = "POSM.Services", "POSM.Services\POSM.Services.csproj", "{EF8B3AA6-76E3-49A5-B40F-8D8686B997F5}"
EndProject
Project("{FAE04EC0-301F-11D3-BF4B-00C04F79EFBC}") = "POSM.Core", "POSM.Core\POSM.Core.csproj", "{78C34B09-DEF3-4EDA-BF77-A67391F2D209}"
EndProject
Global
	GlobalSection(SolutionConfigurationPlatforms) = preSolution
		Debug|Any CPU = Debug|Any CPU
		Release|Any CPU = Release|Any CPU
	EndGlobalSection
	GlobalSection(ProjectConfigurationPlatforms) = postSolution
		{D424BA21-29ED-423F-A6F5-5E7131F4A93A}.Debug|Any CPU.ActiveCfg = Debug|Any CPU
		{D424BA21-29ED-423F-A6F5-5E7131F4A93A}.Debug|Any CPU.Build.0 = Debug|Any CPU
		{D424BA21-29ED-423F-A6F5-5E7131F4A93A}.Release|Any CPU.ActiveCfg = Release|Any CPU
		{D424BA21-29ED-423F-A6F5-5E7131F4A93A}.Release|Any CPU.Build.0 = Release|Any CPU
		{EE650007-F086-4E2B-B7D5-E50067A0EC72}.Debug|Any CPU.ActiveCfg = Debug|Any CPU
		{EE650007-F086-4E2B-B7D5-E50067A0EC72}.Debug|Any CPU.Build.0 = Debug|Any CPU
		{EE650007-F086-4E2B-B7D5-E50067A0EC72}.Release|Any CPU.ActiveCfg = Release|Any CPU
		{EE650007-F086-4E2B-B7D5-E50067A0EC72}.Release|Any CPU.Build.0 = Release|Any CPU
		{6ED14B65-A576-4FC4-9118-90854A1B26CB}.Debug|Any CPU.ActiveCfg = Debug|Any CPU
		{6ED14B65-A576-4FC4-9118-90854A1B26CB}.Debug|Any CPU.Build.0 = Debug|Any CPU
		{6ED14B65-A576-4FC4-9118-90854A1B26CB}.Release|Any CPU.ActiveCfg = Release|Any CPU
		{6ED14B65-A576-4FC4-9118-90854A1B26CB}.Release|Any CPU.Build.0 = Release|Any CPU
		{EF8B3AA6-76E3-49A5-B40F-8D8686B997F5}.Debug|Any CPU.ActiveCfg = Debug|Any CPU
		{EF8B3AA6-76E3-49A5-B40F-8D8686B997F5}.Debug|Any CPU.Build.0 = Debug|Any CPU
		{EF8B3AA6-76E3-49A5-B40F-8D8686B997F5}.Release|Any CPU.ActiveCfg = Release|Any CPU
		{EF8B3AA6-76E3-49A5-B40F-8D8686B997F5}.Release|Any CPU.Build.0 = Release|Any CPU
		{78C34B09-DEF3-4EDA-BF77-A67391F2D209}.Debug|Any CPU.ActiveCfg = Debug|Any CPU
		{78C34B09-DEF3-4EDA-BF77-A67391F2D209}.Debug|Any CPU.Build.0 = Debug|Any CPU
		{78C34B09-DEF3-4EDA-BF77-A67391F2D209}.Release|Any CPU.ActiveCfg = Release|Any CPU
		{78C34B09-DEF3-4EDA-BF77-A67391F2D209}.Release|Any CPU.Build.0 = Release|Any CPU
	EndGlobalSection
	GlobalSection(SolutionProperties) = preSolution
		HideSolutionNode = FALSE
	EndGlobalSection
	GlobalSection(ExtensibilityGlobals) = postSolution
		SolutionGuid = {C2B45507-9E13-4CF1-B250-80DF5CD0C993}
	EndGlobalSection
EndGlobal
